// !$*UTF8*$!
{
	archiveVersion = 1;
	classes = {
	};
	objectVersion = 50;
	objects = {

/* Begin PBXBuildFile section */
		F7703BDF26D7874500D7DAFB /* AppDelegate.swift in Sources */ = {isa = PBXBuildFile; fileRef = F7703BDE26D7874500D7DAFB /* AppDelegate.swift */; };
		F7703BE126D7874500D7DAFB /* SceneDelegate.swift in Sources */ = {isa = PBXBuildFile; fileRef = F7703BE026D7874500D7DAFB /* SceneDelegate.swift */; };
		F7703BE326D7874500D7DAFB /* DailyCatchVC.swift in Sources */ = {isa = PBXBuildFile; fileRef = F7703BE226D7874500D7DAFB /* DailyCatchVC.swift */; };
		F7703BE626D7874500D7DAFB /* Main.storyboard in Resources */ = {isa = PBXBuildFile; fileRef = F7703BE426D7874500D7DAFB /* Main.storyboard */; };
		F7703BE826D7874700D7DAFB /* Assets.xcassets in Resources */ = {isa = PBXBuildFile; fileRef = F7703BE726D7874700D7DAFB /* Assets.xcassets */; };
		F7703BEB26D7874700D7DAFB /* LaunchScreen.storyboard in Resources */ = {isa = PBXBuildFile; fileRef = F7703BE926D7874700D7DAFB /* LaunchScreen.storyboard */; };
		F7703BF426D78F9400D7DAFB /* StartTBC.swift in Sources */ = {isa = PBXBuildFile; fileRef = F7703BF326D78F9400D7DAFB /* StartTBC.swift */; };
		F7703BF626D78FC300D7DAFB /* ByTrawlsVC.swift in Sources */ = {isa = PBXBuildFile; fileRef = F7703BF526D78FC300D7DAFB /* ByTrawlsVC.swift */; };
		F7703BFE26D792BD00D7DAFB /* CoreDataStack.swift in Sources */ = {isa = PBXBuildFile; fileRef = F7703BFD26D792BD00D7DAFB /* CoreDataStack.swift */; };
		F7703C0126D7956200D7DAFB /* BarentsCatchLog.xcdatamodeld in Sources */ = {isa = PBXBuildFile; fileRef = F7703BFF26D7956200D7DAFB /* BarentsCatchLog.xcdatamodeld */; };
		F7703C0526DA1FAE00D7DAFB /* Helpers.swift in Sources */ = {isa = PBXBuildFile; fileRef = F7703C0426DA1FAE00D7DAFB /* Helpers.swift */; };
		F7703C0726DD23ED00D7DAFB /* DailyReportTableVC.swift in Sources */ = {isa = PBXBuildFile; fileRef = F7703C0626DD23ED00D7DAFB /* DailyReportTableVC.swift */; };
		F7946DE026DE4EA100241C16 /* TrawlsReportTableVC.swift in Sources */ = {isa = PBXBuildFile; fileRef = F7946DDF26DE4EA100241C16 /* TrawlsReportTableVC.swift */; };
		F7946DE226DE511300241C16 /* TrawlDescriptionVC.swift in Sources */ = {isa = PBXBuildFile; fileRef = F7946DE126DE511300241C16 /* TrawlDescriptionVC.swift */; };
		F7946DE426E39B5F00241C16 /* DailyCatchCell.swift in Sources */ = {isa = PBXBuildFile; fileRef = F7946DE326E39B5F00241C16 /* DailyCatchCell.swift */; };
		F7946DE626E3BF4E00241C16 /* TrawlDescriptionCell.swift in Sources */ = {isa = PBXBuildFile; fileRef = F7946DE526E3BF4E00241C16 /* TrawlDescriptionCell.swift */; };
		F7946DE826E4EE4B00241C16 /* DateVC.swift in Sources */ = {isa = PBXBuildFile; fileRef = F7946DE726E4EE4B00241C16 /* DateVC.swift */; };
		F7946DEC26E4F34A00241C16 /* GradeTVC.swift in Sources */ = {isa = PBXBuildFile; fileRef = F7946DEB26E4F34900241C16 /* GradeTVC.swift */; };
		F7946DEE26E6773300241C16 /* GradeTVCNC.swift in Sources */ = {isa = PBXBuildFile; fileRef = F7946DED26E6773300241C16 /* GradeTVCNC.swift */; };
		F7946DF026E681B900241C16 /* FishTVCNC.swift in Sources */ = {isa = PBXBuildFile; fileRef = F7946DEF26E681B900241C16 /* FishTVCNC.swift */; };
		F7946DF226E681E300241C16 /* FishTVC.swift in Sources */ = {isa = PBXBuildFile; fileRef = F7946DF126E681E300241C16 /* FishTVC.swift */; };
		F7946DF426E74A0600241C16 /* ReportTVC.swift in Sources */ = {isa = PBXBuildFile; fileRef = F7946DF326E74A0600241C16 /* ReportTVC.swift */; };
		F7946DF626E74CD200241C16 /* DateChoiceTVC.swift in Sources */ = {isa = PBXBuildFile; fileRef = F7946DF526E74CD200241C16 /* DateChoiceTVC.swift */; };
		F7946DF826E74D0F00241C16 /* ReportDescriptionTVC.swift in Sources */ = {isa = PBXBuildFile; fileRef = F7946DF726E74D0F00241C16 /* ReportDescriptionTVC.swift */; };
		F7946DFA26E782ED00241C16 /* DateChoiceTVCNC.swift in Sources */ = {isa = PBXBuildFile; fileRef = F7946DF926E782ED00241C16 /* DateChoiceTVCNC.swift */; };
/* End PBXBuildFile section */

/* Begin PBXFileReference section */
		F7703BDB26D7874500D7DAFB /* BarentsCatchLog.app */ = {isa = PBXFileReference; explicitFileType = wrapper.application; includeInIndex = 0; path = BarentsCatchLog.app; sourceTree = BUILT_PRODUCTS_DIR; };
		F7703BDE26D7874500D7DAFB /* AppDelegate.swift */ = {isa = PBXFileReference; lastKnownFileType = sourcecode.swift; path = AppDelegate.swift; sourceTree = "<group>"; };
		F7703BE026D7874500D7DAFB /* SceneDelegate.swift */ = {isa = PBXFileReference; lastKnownFileType = sourcecode.swift; path = SceneDelegate.swift; sourceTree = "<group>"; };
		F7703BE226D7874500D7DAFB /* DailyCatchVC.swift */ = {isa = PBXFileReference; lastKnownFileType = sourcecode.swift; path = DailyCatchVC.swift; sourceTree = "<group>"; };
		F7703BE526D7874500D7DAFB /* Base */ = {isa = PBXFileReference; lastKnownFileType = file.storyboard; name = Base; path = Base.lproj/Main.storyboard; sourceTree = "<group>"; };
		F7703BE726D7874700D7DAFB /* Assets.xcassets */ = {isa = PBXFileReference; lastKnownFileType = folder.assetcatalog; path = Assets.xcassets; sourceTree = "<group>"; };
		F7703BEA26D7874700D7DAFB /* Base */ = {isa = PBXFileReference; lastKnownFileType = file.storyboard; name = Base; path = Base.lproj/LaunchScreen.storyboard; sourceTree = "<group>"; };
		F7703BEC26D7874700D7DAFB /* Info.plist */ = {isa = PBXFileReference; lastKnownFileType = text.plist.xml; path = Info.plist; sourceTree = "<group>"; };
		F7703BF326D78F9400D7DAFB /* StartTBC.swift */ = {isa = PBXFileReference; lastKnownFileType = sourcecode.swift; path = StartTBC.swift; sourceTree = "<group>"; };
		F7703BF526D78FC300D7DAFB /* ByTrawlsVC.swift */ = {isa = PBXFileReference; lastKnownFileType = sourcecode.swift; path = ByTrawlsVC.swift; sourceTree = "<group>"; };
		F7703BFD26D792BD00D7DAFB /* CoreDataStack.swift */ = {isa = PBXFileReference; lastKnownFileType = sourcecode.swift; path = CoreDataStack.swift; sourceTree = "<group>"; };
		F7703C0026D7956200D7DAFB /* BarentsCatchLog.xcdatamodel */ = {isa = PBXFileReference; lastKnownFileType = wrapper.xcdatamodel; path = BarentsCatchLog.xcdatamodel; sourceTree = "<group>"; };
		F7703C0426DA1FAE00D7DAFB /* Helpers.swift */ = {isa = PBXFileReference; lastKnownFileType = sourcecode.swift; path = Helpers.swift; sourceTree = "<group>"; };
		F7703C0626DD23ED00D7DAFB /* DailyReportTableVC.swift */ = {isa = PBXFileReference; lastKnownFileType = sourcecode.swift; path = DailyReportTableVC.swift; sourceTree = "<group>"; };
		F7946DDF26DE4EA100241C16 /* TrawlsReportTableVC.swift */ = {isa = PBXFileReference; lastKnownFileType = sourcecode.swift; path = TrawlsReportTableVC.swift; sourceTree = "<group>"; };
		F7946DE126DE511300241C16 /* TrawlDescriptionVC.swift */ = {isa = PBXFileReference; lastKnownFileType = sourcecode.swift; path = TrawlDescriptionVC.swift; sourceTree = "<group>"; };
		F7946DE326E39B5F00241C16 /* DailyCatchCell.swift */ = {isa = PBXFileReference; lastKnownFileType = sourcecode.swift; path = DailyCatchCell.swift; sourceTree = "<group>"; };
		F7946DE526E3BF4E00241C16 /* TrawlDescriptionCell.swift */ = {isa = PBXFileReference; lastKnownFileType = sourcecode.swift; path = TrawlDescriptionCell.swift; sourceTree = "<group>"; };
		F7946DE726E4EE4B00241C16 /* DateVC.swift */ = {isa = PBXFileReference; lastKnownFileType = sourcecode.swift; path = DateVC.swift; sourceTree = "<group>"; };
		F7946DEB26E4F34900241C16 /* GradeTVC.swift */ = {isa = PBXFileReference; lastKnownFileType = sourcecode.swift; path = GradeTVC.swift; sourceTree = "<group>"; };
		F7946DED26E6773300241C16 /* GradeTVCNC.swift */ = {isa = PBXFileReference; lastKnownFileType = sourcecode.swift; path = GradeTVCNC.swift; sourceTree = "<group>"; };
		F7946DEF26E681B900241C16 /* FishTVCNC.swift */ = {isa = PBXFileReference; lastKnownFileType = sourcecode.swift; path = FishTVCNC.swift; sourceTree = "<group>"; };
		F7946DF126E681E300241C16 /* FishTVC.swift */ = {isa = PBXFileReference; lastKnownFileType = sourcecode.swift; path = FishTVC.swift; sourceTree = "<group>"; };
		F7946DF326E74A0600241C16 /* ReportTVC.swift */ = {isa = PBXFileReference; lastKnownFileType = sourcecode.swift; path = ReportTVC.swift; sourceTree = "<group>"; };
		F7946DF526E74CD200241C16 /* DateChoiceTVC.swift */ = {isa = PBXFileReference; lastKnownFileType = sourcecode.swift; path = DateChoiceTVC.swift; sourceTree = "<group>"; };
		F7946DF726E74D0F00241C16 /* ReportDescriptionTVC.swift */ = {isa = PBXFileReference; lastKnownFileType = sourcecode.swift; path = ReportDescriptionTVC.swift; sourceTree = "<group>"; };
		F7946DF926E782ED00241C16 /* DateChoiceTVCNC.swift */ = {isa = PBXFileReference; lastKnownFileType = sourcecode.swift; path = DateChoiceTVCNC.swift; sourceTree = "<group>"; };
/* End PBXFileReference section */

/* Begin PBXFrameworksBuildPhase section */
		F7703BD826D7874500D7DAFB /* Frameworks */ = {
			isa = PBXFrameworksBuildPhase;
			buildActionMask = 2147483647;
			files = (
			);
			runOnlyForDeploymentPostprocessing = 0;
		};
/* End PBXFrameworksBuildPhase section */

/* Begin PBXGroup section */
		F7703BD226D7874500D7DAFB = {
			isa = PBXGroup;
			children = (
				F7703BDD26D7874500D7DAFB /* BarentsCatchLog */,
				F7703BDC26D7874500D7DAFB /* Products */,
			);
			sourceTree = "<group>";
		};
		F7703BDC26D7874500D7DAFB /* Products */ = {
			isa = PBXGroup;
			children = (
				F7703BDB26D7874500D7DAFB /* BarentsCatchLog.app */,
			);
			name = Products;
			sourceTree = "<group>";
		};
		F7703BDD26D7874500D7DAFB /* BarentsCatchLog */ = {
			isa = PBXGroup;
			children = (
				F7703BFC26D7913C00D7DAFB /* Supports */,
				F7703BF226D78EE900D7DAFB /* Controllers */,
				F7703BFB26D7911900D7DAFB /* Views */,
				F7703BEC26D7874700D7DAFB /* Info.plist */,
				F7703BFD26D792BD00D7DAFB /* CoreDataStack.swift */,
				F7703BFF26D7956200D7DAFB /* BarentsCatchLog.xcdatamodeld */,
			);
			path = BarentsCatchLog;
			sourceTree = "<group>";
		};
		F7703BF226D78EE900D7DAFB /* Controllers */ = {
			isa = PBXGroup;
			children = (
				F7703BF326D78F9400D7DAFB /* StartTBC.swift */,
				F7703BE226D7874500D7DAFB /* DailyCatchVC.swift */,
				F7946DE726E4EE4B00241C16 /* DateVC.swift */,
				F7946DED26E6773300241C16 /* GradeTVCNC.swift */,
				F7946DEB26E4F34900241C16 /* GradeTVC.swift */,
				F7946DEF26E681B900241C16 /* FishTVCNC.swift */,
				F7946DF126E681E300241C16 /* FishTVC.swift */,
				F7946DF326E74A0600241C16 /* ReportTVC.swift */,
				F7946DF926E782ED00241C16 /* DateChoiceTVCNC.swift */,
				F7946DF526E74CD200241C16 /* DateChoiceTVC.swift */,
				F7946DF726E74D0F00241C16 /* ReportDescriptionTVC.swift */,
				F7703C0626DD23ED00D7DAFB /* DailyReportTableVC.swift */,
				F7703BF526D78FC300D7DAFB /* ByTrawlsVC.swift */,
				F7946DDF26DE4EA100241C16 /* TrawlsReportTableVC.swift */,
				F7946DE126DE511300241C16 /* TrawlDescriptionVC.swift */,
			);
			path = Controllers;
			sourceTree = "<group>";
		};
		F7703BFB26D7911900D7DAFB /* Views */ = {
			isa = PBXGroup;
			children = (
				F7703BE426D7874500D7DAFB /* Main.storyboard */,
				F7703BE926D7874700D7DAFB /* LaunchScreen.storyboard */,
				F7946DE326E39B5F00241C16 /* DailyCatchCell.swift */,
				F7946DE526E3BF4E00241C16 /* TrawlDescriptionCell.swift */,
			);
			path = Views;
			sourceTree = "<group>";
		};
		F7703BFC26D7913C00D7DAFB /* Supports */ = {
			isa = PBXGroup;
			children = (
				F7703BDE26D7874500D7DAFB /* AppDelegate.swift */,
				F7703BE026D7874500D7DAFB /* SceneDelegate.swift */,
				F7703BE726D7874700D7DAFB /* Assets.xcassets */,
				F7703C0426DA1FAE00D7DAFB /* Helpers.swift */,
			);
			path = Supports;
			sourceTree = "<group>";
		};
/* End PBXGroup section */

/* Begin PBXNativeTarget section */
		F7703BDA26D7874500D7DAFB /* BarentsCatchLog */ = {
			isa = PBXNativeTarget;
			buildConfigurationList = F7703BEF26D7874700D7DAFB /* Build configuration list for PBXNativeTarget "BarentsCatchLog" */;
			buildPhases = (
				F7703BD726D7874500D7DAFB /* Sources */,
				F7703BD826D7874500D7DAFB /* Frameworks */,
				F7703BD926D7874500D7DAFB /* Resources */,
			);
			buildRules = (
			);
			dependencies = (
			);
			name = BarentsCatchLog;
			productName = BarentsCatchLog;
			productReference = F7703BDB26D7874500D7DAFB /* BarentsCatchLog.app */;
			productType = "com.apple.product-type.application";
		};
/* End PBXNativeTarget section */

/* Begin PBXProject section */
		F7703BD326D7874500D7DAFB /* Project object */ = {
			isa = PBXProject;
			attributes = {
				LastSwiftUpdateCheck = 1250;
				LastUpgradeCheck = 1250;
				TargetAttributes = {
					F7703BDA26D7874500D7DAFB = {
						CreatedOnToolsVersion = 12.5.1;
					};
				};
			};
			buildConfigurationList = F7703BD626D7874500D7DAFB /* Build configuration list for PBXProject "BarentsCatchLog" */;
			compatibilityVersion = "Xcode 9.3";
			developmentRegion = en;
			hasScannedForEncodings = 0;
			knownRegions = (
				en,
				Base,
			);
			mainGroup = F7703BD226D7874500D7DAFB;
			productRefGroup = F7703BDC26D7874500D7DAFB /* Products */;
			projectDirPath = "";
			projectRoot = "";
			targets = (
				F7703BDA26D7874500D7DAFB /* BarentsCatchLog */,
			);
		};
/* End PBXProject section */

/* Begin PBXResourcesBuildPhase section */
		F7703BD926D7874500D7DAFB /* Resources */ = {
			isa = PBXResourcesBuildPhase;
			buildActionMask = 2147483647;
			files = (
				F7703BEB26D7874700D7DAFB /* LaunchScreen.storyboard in Resources */,
				F7703BE826D7874700D7DAFB /* Assets.xcassets in Resources */,
				F7703BE626D7874500D7DAFB /* Main.storyboard in Resources */,
			);
			runOnlyForDeploymentPostprocessing = 0;
		};
/* End PBXResourcesBuildPhase section */

/* Begin PBXSourcesBuildPhase section */
		F7703BD726D7874500D7DAFB /* Sources */ = {
			isa = PBXSourcesBuildPhase;
			buildActionMask = 2147483647;
			files = (
				F7703BF426D78F9400D7DAFB /* StartTBC.swift in Sources */,
				F7946DFA26E782ED00241C16 /* DateChoiceTVCNC.swift in Sources */,
				F7946DF226E681E300241C16 /* FishTVC.swift in Sources */,
				F7703BE326D7874500D7DAFB /* DailyCatchVC.swift in Sources */,
				F7703C0726DD23ED00D7DAFB /* DailyReportTableVC.swift in Sources */,
				F7946DF026E681B900241C16 /* FishTVCNC.swift in Sources */,
				F7703BDF26D7874500D7DAFB /* AppDelegate.swift in Sources */,
				F7703C0526DA1FAE00D7DAFB /* Helpers.swift in Sources */,
				F7946DE226DE511300241C16 /* TrawlDescriptionVC.swift in Sources */,
				F7946DE626E3BF4E00241C16 /* TrawlDescriptionCell.swift in Sources */,
				F7946DF826E74D0F00241C16 /* ReportDescriptionTVC.swift in Sources */,
				F7946DE026DE4EA100241C16 /* TrawlsReportTableVC.swift in Sources */,
				F7946DEC26E4F34A00241C16 /* GradeTVC.swift in Sources */,
				F7703C0126D7956200D7DAFB /* BarentsCatchLog.xcdatamodeld in Sources */,
				F7703BE126D7874500D7DAFB /* SceneDelegate.swift in Sources */,
				F7946DE826E4EE4B00241C16 /* DateVC.swift in Sources */,
				F7946DEE26E6773300241C16 /* GradeTVCNC.swift in Sources */,
				F7946DF426E74A0600241C16 /* ReportTVC.swift in Sources */,
				F7946DF626E74CD200241C16 /* DateChoiceTVC.swift in Sources */,
				F7946DE426E39B5F00241C16 /* DailyCatchCell.swift in Sources */,
				F7703BF626D78FC300D7DAFB /* ByTrawlsVC.swift in Sources */,
				F7703BFE26D792BD00D7DAFB /* CoreDataStack.swift in Sources */,
			);
			runOnlyForDeploymentPostprocessing = 0;
		};
/* End PBXSourcesBuildPhase section */

/* Begin PBXVariantGroup section */
		F7703BE426D7874500D7DAFB /* Main.storyboard */ = {
			isa = PBXVariantGroup;
			children = (
				F7703BE526D7874500D7DAFB /* Base */,
			);
			name = Main.storyboard;
			sourceTree = "<group>";
		};
		F7703BE926D7874700D7DAFB /* LaunchScreen.storyboard */ = {
			isa = PBXVariantGroup;
			children = (
				F7703BEA26D7874700D7DAFB /* Base */,
			);
			name = LaunchScreen.storyboard;
			sourceTree = "<group>";
		};
/* End PBXVariantGroup section */

/* Begin XCBuildConfiguration section */
		F7703BED26D7874700D7DAFB /* Debug */ = {
			isa = XCBuildConfiguration;
			buildSettings = {
				ALWAYS_SEARCH_USER_PATHS = NO;
				CLANG_ANALYZER_NONNULL = YES;
				CLANG_ANALYZER_NUMBER_OBJECT_CONVERSION = YES_AGGRESSIVE;
				CLANG_CXX_LANGUAGE_STANDARD = "gnu++14";
				CLANG_CXX_LIBRARY = "libc++";
				CLANG_ENABLE_MODULES = YES;
				CLANG_ENABLE_OBJC_ARC = YES;
				CLANG_ENABLE_OBJC_WEAK = YES;
				CLANG_WARN_BLOCK_CAPTURE_AUTORELEASING = YES;
				CLANG_WARN_BOOL_CONVERSION = YES;
				CLANG_WARN_COMMA = YES;
				CLANG_WARN_CONSTANT_CONVERSION = YES;
				CLANG_WARN_DEPRECATED_OBJC_IMPLEMENTATIONS = YES;
				CLANG_WARN_DIRECT_OBJC_ISA_USAGE = YES_ERROR;
				CLANG_WARN_DOCUMENTATION_COMMENTS = YES;
				CLANG_WARN_EMPTY_BODY = YES;
				CLANG_WARN_ENUM_CONVERSION = YES;
				CLANG_WARN_INFINITE_RECURSION = YES;
				CLANG_WARN_INT_CONVERSION = YES;
				CLANG_WARN_NON_LITERAL_NULL_CONVERSION = YES;
				CLANG_WARN_OBJC_IMPLICIT_RETAIN_SELF = YES;
				CLANG_WARN_OBJC_LITERAL_CONVERSION = YES;
				CLANG_WARN_OBJC_ROOT_CLASS = YES_ERROR;
				CLANG_WARN_QUOTED_INCLUDE_IN_FRAMEWORK_HEADER = YES;
				CLANG_WARN_RANGE_LOOP_ANALYSIS = YES;
				CLANG_WARN_STRICT_PROTOTYPES = YES;
				CLANG_WARN_SUSPICIOUS_MOVE = YES;
				CLANG_WARN_UNGUARDED_AVAILABILITY = YES_AGGRESSIVE;
				CLANG_WARN_UNREACHABLE_CODE = YES;
				CLANG_WARN__DUPLICATE_METHOD_MATCH = YES;
				COPY_PHASE_STRIP = NO;
				DEBUG_INFORMATION_FORMAT = dwarf;
				ENABLE_STRICT_OBJC_MSGSEND = YES;
				ENABLE_TESTABILITY = YES;
				GCC_C_LANGUAGE_STANDARD = gnu11;
				GCC_DYNAMIC_NO_PIC = NO;
				GCC_NO_COMMON_BLOCKS = YES;
				GCC_OPTIMIZATION_LEVEL = 0;
				GCC_PREPROCESSOR_DEFINITIONS = (
					"DEBUG=1",
					"$(inherited)",
				);
				GCC_WARN_64_TO_32_BIT_CONVERSION = YES;
				GCC_WARN_ABOUT_RETURN_TYPE = YES_ERROR;
				GCC_WARN_UNDECLARED_SELECTOR = YES;
				GCC_WARN_UNINITIALIZED_AUTOS = YES_AGGRESSIVE;
				GCC_WARN_UNUSED_FUNCTION = YES;
				GCC_WARN_UNUSED_VARIABLE = YES;
				IPHONEOS_DEPLOYMENT_TARGET = 14.5;
				MTL_ENABLE_DEBUG_INFO = INCLUDE_SOURCE;
				MTL_FAST_MATH = YES;
				ONLY_ACTIVE_ARCH = YES;
				SDKROOT = iphoneos;
				SWIFT_ACTIVE_COMPILATION_CONDITIONS = DEBUG;
				SWIFT_OPTIMIZATION_LEVEL = "-Onone";
			};
			name = Debug;
		};
		F7703BEE26D7874700D7DAFB /* Release */ = {
			isa = XCBuildConfiguration;
			buildSettings = {
				ALWAYS_SEARCH_USER_PATHS = NO;
				CLANG_ANALYZER_NONNULL = YES;
				CLANG_ANALYZER_NUMBER_OBJECT_CONVERSION = YES_AGGRESSIVE;
				CLANG_CXX_LANGUAGE_STANDARD = "gnu++14";
				CLANG_CXX_LIBRARY = "libc++";
				CLANG_ENABLE_MODULES = YES;
				CLANG_ENABLE_OBJC_ARC = YES;
				CLANG_ENABLE_OBJC_WEAK = YES;
				CLANG_WARN_BLOCK_CAPTURE_AUTORELEASING = YES;
				CLANG_WARN_BOOL_CONVERSION = YES;
				CLANG_WARN_COMMA = YES;
				CLANG_WARN_CONSTANT_CONVERSION = YES;
				CLANG_WARN_DEPRECATED_OBJC_IMPLEMENTATIONS = YES;
				CLANG_WARN_DIRECT_OBJC_ISA_USAGE = YES_ERROR;
				CLANG_WARN_DOCUMENTATION_COMMENTS = YES;
				CLANG_WARN_EMPTY_BODY = YES;
				CLANG_WARN_ENUM_CONVERSION = YES;
				CLANG_WARN_INFINITE_RECURSION = YES;
				CLANG_WARN_INT_CONVERSION = YES;
				CLANG_WARN_NON_LITERAL_NULL_CONVERSION = YES;
				CLANG_WARN_OBJC_IMPLICIT_RETAIN_SELF = YES;
				CLANG_WARN_OBJC_LITERAL_CONVERSION = YES;
				CLANG_WARN_OBJC_ROOT_CLASS = YES_ERROR;
				CLANG_WARN_QUOTED_INCLUDE_IN_FRAMEWORK_HEADER = YES;
				CLANG_WARN_RANGE_LOOP_ANALYSIS = YES;
				CLANG_WARN_STRICT_PROTOTYPES = YES;
				CLANG_WARN_SUSPICIOUS_MOVE = YES;
				CLANG_WARN_UNGUARDED_AVAILABILITY = YES_AGGRESSIVE;
				CLANG_WARN_UNREACHABLE_CODE = YES;
				CLANG_WARN__DUPLICATE_METHOD_MATCH = YES;
				COPY_PHASE_STRIP = NO;
				DEBUG_INFORMATION_FORMAT = "dwarf-with-dsym";
				ENABLE_NS_ASSERTIONS = NO;
				ENABLE_STRICT_OBJC_MSGSEND = YES;
				GCC_C_LANGUAGE_STANDARD = gnu11;
				GCC_NO_COMMON_BLOCKS = YES;
				GCC_WARN_64_TO_32_BIT_CONVERSION = YES;
				GCC_WARN_ABOUT_RETURN_TYPE = YES_ERROR;
				GCC_WARN_UNDECLARED_SELECTOR = YES;
				GCC_WARN_UNINITIALIZED_AUTOS = YES_AGGRESSIVE;
				GCC_WARN_UNUSED_FUNCTION = YES;
				GCC_WARN_UNUSED_VARIABLE = YES;
				IPHONEOS_DEPLOYMENT_TARGET = 14.5;
				MTL_ENABLE_DEBUG_INFO = NO;
				MTL_FAST_MATH = YES;
				SDKROOT = iphoneos;
				SWIFT_COMPILATION_MODE = wholemodule;
				SWIFT_OPTIMIZATION_LEVEL = "-O";
				VALIDATE_PRODUCT = YES;
			};
			name = Release;
		};
		F7703BF026D7874700D7DAFB /* Debug */ = {
			isa = XCBuildConfiguration;
			buildSettings = {
				ASSETCATALOG_COMPILER_APPICON_NAME = AppIcon;
				ASSETCATALOG_COMPILER_GLOBAL_ACCENT_COLOR_NAME = AccentColor;
				CODE_SIGN_STYLE = Automatic;
				DEVELOPMENT_TEAM = TB5VXYZS9X;
				INFOPLIST_FILE = BarentsCatchLog/Info.plist;
				IPHONEOS_DEPLOYMENT_TARGET = 13.4;
				LD_RUNPATH_SEARCH_PATHS = (
					"$(inherited)",
					"@executable_path/Frameworks",
				);
				PRODUCT_BUNDLE_IDENTIFIER = ru.learnSwift.BarentsCatchLog;
				PRODUCT_NAME = "$(TARGET_NAME)";
				SWIFT_VERSION = 5.0;
				TARGETED_DEVICE_FAMILY = "1,2";
			};
			name = Debug;
		};
		F7703BF126D7874700D7DAFB /* Release */ = {
			isa = XCBuildConfiguration;
			buildSettings = {
				ASSETCATALOG_COMPILER_APPICON_NAME = AppIcon;
				ASSETCATALOG_COMPILER_GLOBAL_ACCENT_COLOR_NAME = AccentColor;
				CODE_SIGN_STYLE = Automatic;
				DEVELOPMENT_TEAM = TB5VXYZS9X;
				INFOPLIST_FILE = BarentsCatchLog/Info.plist;
				IPHONEOS_DEPLOYMENT_TARGET = 13.4;
				LD_RUNPATH_SEARCH_PATHS = (
					"$(inherited)",
					"@executable_path/Frameworks",
				);
				PRODUCT_BUNDLE_IDENTIFIER = ru.learnSwift.BarentsCatchLog;
				PRODUCT_NAME = "$(TARGET_NAME)";
				SWIFT_VERSION = 5.0;
				TARGETED_DEVICE_FAMILY = "1,2";
			};
			name = Release;
		};
/* End XCBuildConfiguration section */

/* Begin XCConfigurationList section */
		F7703BD626D7874500D7DAFB /* Build configuration list for PBXProject "BarentsCatchLog" */ = {
			isa = XCConfigurationList;
			buildConfigurations = (
				F7703BED26D7874700D7DAFB /* Debug */,
				F7703BEE26D7874700D7DAFB /* Release */,
			);
			defaultConfigurationIsVisible = 0;
			defaultConfigurationName = Release;
		};
		F7703BEF26D7874700D7DAFB /* Build configuration list for PBXNativeTarget "BarentsCatchLog" */ = {
			isa = XCConfigurationList;
			buildConfigurations = (
				F7703BF026D7874700D7DAFB /* Debug */,
				F7703BF126D7874700D7DAFB /* Release */,
			);
			defaultConfigurationIsVisible = 0;
			defaultConfigurationName = Release;
		};
/* End XCConfigurationList section */

/* Begin XCVersionGroup section */
		F7703BFF26D7956200D7DAFB /* BarentsCatchLog.xcdatamodeld */ = {
			isa = XCVersionGroup;
			children = (
				F7703C0026D7956200D7DAFB /* BarentsCatchLog.xcdatamodel */,
			);
			currentVersion = F7703C0026D7956200D7DAFB /* BarentsCatchLog.xcdatamodel */;
			path = BarentsCatchLog.xcdatamodeld;
			sourceTree = "<group>";
			versionGroupType = wrapper.xcdatamodel;
		};
/* End XCVersionGroup section */
	};
	rootObject = F7703BD326D7874500D7DAFB /* Project object */;
}
